
Microsoft Visual Studio Solution File, Format Version 12.00
# Visual Studio Version 16
VisualStudioVersion = 16.0.31005.135
MinimumVisualStudioVersion = 10.0.40219.1
Project("{9A19103F-16F7-4668-BE54-9A1E7A4F7556}") = "DapperApp.UI", "DapperApp.UI\DapperApp.UI.csproj", "{414A8C79-F5E3-43C3-8A85-E22CD34909DF}"
EndProject
Project("{9A19103F-16F7-4668-BE54-9A1E7A4F7556}") = "DomeinCore", "DomeinCore\DomeinCore.csproj", "{638EF84A-70F4-4917-82B4-FAAE93CF23A5}"
EndProject
Project("{9A19103F-16F7-4668-BE54-9A1E7A4F7556}") = "Data", "Data\Data.csproj", "{67D1C363-5223-4753-8C67-AA6CD80B83DF}"
EndProject
Project("{FAE04EC0-301F-11D3-BF4B-00C04F79EFBC}") = "Services", "Services\Services.csproj", "{692A529A-DA31-4F54-9A88-4E0AF4FA0AD9}"
EndProject
Global
	GlobalSection(SolutionConfigurationPlatforms) = preSolution
		Debug|Any CPU = Debug|Any CPU
		Release|Any CPU = Release|Any CPU
	EndGlobalSection
	GlobalSection(ProjectConfigurationPlatforms) = postSolution
		{414A8C79-F5E3-43C3-8A85-E22CD34909DF}.Debug|Any CPU.ActiveCfg = Debug|Any CPU
		{414A8C79-F5E3-43C3-8A85-E22CD34909DF}.Debug|Any CPU.Build.0 = Debug|Any CPU
		{414A8C79-F5E3-43C3-8A85-E22CD34909DF}.Release|Any CPU.ActiveCfg = Release|Any CPU
		{414A8C79-F5E3-43C3-8A85-E22CD34909DF}.Release|Any CPU.Build.0 = Release|Any CPU
		{638EF84A-70F4-4917-82B4-FAAE93CF23A5}.Debug|Any CPU.ActiveCfg = Debug|Any CPU
		{638EF84A-70F4-4917-82B4-FAAE93CF23A5}.Debug|Any CPU.Build.0 = Debug|Any CPU
		{638EF84A-70F4-4917-82B4-FAAE93CF23A5}.Release|Any CPU.ActiveCfg = Release|Any CPU
		{638EF84A-70F4-4917-82B4-FAAE93CF23A5}.Release|Any CPU.Build.0 = Release|Any CPU
		{67D1C363-5223-4753-8C67-AA6CD80B83DF}.Debug|Any CPU.ActiveCfg = Debug|Any CPU
		{67D1C363-5223-4753-8C67-AA6CD80B83DF}.Debug|Any CPU.Build.0 = Debug|Any CPU
		{67D1C363-5223-4753-8C67-AA6CD80B83DF}.Release|Any CPU.ActiveCfg = Release|Any CPU
		{67D1C363-5223-4753-8C67-AA6CD80B83DF}.Release|Any CPU.Build.0 = Release|Any CPU
		{692A529A-DA31-4F54-9A88-4E0AF4FA0AD9}.Debug|Any CPU.ActiveCfg = Debug|Any CPU
		{692A529A-DA31-4F54-9A88-4E0AF4FA0AD9}.Debug|Any CPU.Build.0 = Debug|Any CPU
		{692A529A-DA31-4F54-9A88-4E0AF4FA0AD9}.Release|Any CPU.ActiveCfg = Release|Any CPU
		{692A529A-DA31-4F54-9A88-4E0AF4FA0AD9}.Release|Any CPU.Build.0 = Release|Any CPU
	EndGlobalSection
	GlobalSection(SolutionProperties) = preSolution
		HideSolutionNode = FALSE
	EndGlobalSection
	GlobalSection(ExtensibilityGlobals) = postSolution
		SolutionGuid = {304656AD-F5A5-4AE6-8FE9-9794E2DA5C75}
	EndGlobalSection
EndGlobal
